
Microsoft Visual Studio Solution File, Format Version 12.00
# Visual Studio Version 17
VisualStudioVersion = 17.6.33801.468
MinimumVisualStudioVersion = 10.0.40219.1
Project("{2150E333-8FDC-42A3-9474-1A3956D46DE8}") = "src", "src", "{4EDB4FCC-1AD6-478E-A39C-808F843D1533}"
EndProject
Project("{2150E333-8FDC-42A3-9474-1A3956D46DE8}") = "BuildingBlocks", "BuildingBlocks", "{1B0385ED-3D74-4D55-9D56-129A1C088C97}"
EndProject
Project("{2150E333-8FDC-42A3-9474-1A3956D46DE8}") = "Services", "Services", "{86512A34-B6FA-42B6-B4BF-E6A1680C4AA3}"
EndProject
Project("{2150E333-8FDC-42A3-9474-1A3956D46DE8}") = "CongestionTax", "CongestionTax", "{E183791D-9FEC-4DA3-BBB4-FBDC595F69B0}"
EndProject
Project("{FAE04EC0-301F-11D3-BF4B-00C04F79EFBC}") = "CongestionTax.API", "Services\CongestionTax\CongestionTax.API\CongestionTax.API.csproj", "{5D2D3190-08F4-4ED8-AD08-059E1AA9C0DA}"
EndProject
Project("{2150E333-8FDC-42A3-9474-1A3956D46DE8}") = "Api", "Api", "{B5A2FDA2-A975-4968-A3F7-0EC95791A21B}"
EndProject
Project("{2150E333-8FDC-42A3-9474-1A3956D46DE8}") = "Application", "Application", "{8BC751E8-3405-426A-A991-90027A79B193}"
EndProject
Project("{2150E333-8FDC-42A3-9474-1A3956D46DE8}") = "Domain", "Domain", "{19771F48-1678-4FC6-8912-62CEF514C591}"
EndProject
Project("{2150E333-8FDC-42A3-9474-1A3956D46DE8}") = "Infrastructure", "Infrastructure", "{F8131A3B-B2AA-4355-ACC4-85FD19AF943C}"
EndProject
Project("{2150E333-8FDC-42A3-9474-1A3956D46DE8}") = "SharedKernel", "SharedKernel", "{7B06F462-022E-4768-B881-3C29AF8F5E5C}"
EndProject
Project("{9A19103F-16F7-4668-BE54-9A1E7A4F7556}") = "Common.Api", "BuildingBlocks\Api\Common.Api\Common.Api.csproj", "{CFA93D8D-94BC-411F-BCB7-98BF39476934}"
EndProject
Project("{9A19103F-16F7-4668-BE54-9A1E7A4F7556}") = "Common.Application", "BuildingBlocks\Application\Common.Application\Common.Application.csproj", "{DEF18DE8-A853-4DB6-B635-0BD1534F1D79}"
EndProject
Project("{9A19103F-16F7-4668-BE54-9A1E7A4F7556}") = "Common.Domain.SeedWork", "BuildingBlocks\Domain\Common.SeedWork\Common.Domain.SeedWork.csproj", "{58439CB4-4C64-4889-AA14-4BFF07A2214B}"
EndProject
Project("{9A19103F-16F7-4668-BE54-9A1E7A4F7556}") = "Common.SharedKernel", "BuildingBlocks\SharedKernel\Common.SharedKernel.csproj", "{C512227B-6D59-450C-9603-854F0F76D508}"
EndProject
Project("{2150E333-8FDC-42A3-9474-1A3956D46DE8}") = "ErrorHandler", "ErrorHandler", "{C66CBE6F-C481-44F2-B5BB-FEDC04DA08C9}"
EndProject
Project("{2150E333-8FDC-42A3-9474-1A3956D46DE8}") = "Host", "Host", "{4F50C395-E60F-4EB5-8D37-191B1B277C6D}"
EndProject
Project("{2150E333-8FDC-42A3-9474-1A3956D46DE8}") = "Logining", "Logining", "{63779C7B-4B9A-4DA4-BA20-1FC934894852}"
EndProject
Project("{9A19103F-16F7-4668-BE54-9A1E7A4F7556}") = "Common.Infrastructure.ErrorHandler", "BuildingBlocks\Infrastructure\ErrorHandler\Common.ErrorHandler\Common.Infrastructure.ErrorHandler.csproj", "{B91894D4-7528-4486-9E36-6FD4420434DC}"
EndProject
Project("{9A19103F-16F7-4668-BE54-9A1E7A4F7556}") = "Common.Infrastructure.Host", "BuildingBlocks\Infrastructure\Host\Common.Infrastructure.Host.csproj", "{FEBF237F-1C33-49F6-B2D7-F8919989C3F2}"
EndProject
Project("{9A19103F-16F7-4668-BE54-9A1E7A4F7556}") = "Common.Infrastructure.Logging", "BuildingBlocks\Infrastructure\Logining\Common.Logging\Common.Infrastructure.Logging.csproj", "{7E8711F3-D6F8-453D-9C47-99132369A363}"
EndProject
Global
	GlobalSection(SolutionConfigurationPlatforms) = preSolution
		Debug|Any CPU = Debug|Any CPU
		Release|Any CPU = Release|Any CPU
	EndGlobalSection
	GlobalSection(ProjectConfigurationPlatforms) = postSolution
		{5D2D3190-08F4-4ED8-AD08-059E1AA9C0DA}.Debug|Any CPU.ActiveCfg = Debug|Any CPU
		{5D2D3190-08F4-4ED8-AD08-059E1AA9C0DA}.Debug|Any CPU.Build.0 = Debug|Any CPU
		{5D2D3190-08F4-4ED8-AD08-059E1AA9C0DA}.Release|Any CPU.ActiveCfg = Release|Any CPU
		{5D2D3190-08F4-4ED8-AD08-059E1AA9C0DA}.Release|Any CPU.Build.0 = Release|Any CPU
		{CFA93D8D-94BC-411F-BCB7-98BF39476934}.Debug|Any CPU.ActiveCfg = Debug|Any CPU
		{CFA93D8D-94BC-411F-BCB7-98BF39476934}.Debug|Any CPU.Build.0 = Debug|Any CPU
		{CFA93D8D-94BC-411F-BCB7-98BF39476934}.Release|Any CPU.ActiveCfg = Release|Any CPU
		{CFA93D8D-94BC-411F-BCB7-98BF39476934}.Release|Any CPU.Build.0 = Release|Any CPU
		{DEF18DE8-A853-4DB6-B635-0BD1534F1D79}.Debug|Any CPU.ActiveCfg = Debug|Any CPU
		{DEF18DE8-A853-4DB6-B635-0BD1534F1D79}.Debug|Any CPU.Build.0 = Debug|Any CPU
		{DEF18DE8-A853-4DB6-B635-0BD1534F1D79}.Release|Any CPU.ActiveCfg = Release|Any CPU
		{DEF18DE8-A853-4DB6-B635-0BD1534F1D79}.Release|Any CPU.Build.0 = Release|Any CPU
		{58439CB4-4C64-4889-AA14-4BFF07A2214B}.Debug|Any CPU.ActiveCfg = Debug|Any CPU
		{58439CB4-4C64-4889-AA14-4BFF07A2214B}.Debug|Any CPU.Build.0 = Debug|Any CPU
		{58439CB4-4C64-4889-AA14-4BFF07A2214B}.Release|Any CPU.ActiveCfg = Release|Any CPU
		{58439CB4-4C64-4889-AA14-4BFF07A2214B}.Release|Any CPU.Build.0 = Release|Any CPU
		{C512227B-6D59-450C-9603-854F0F76D508}.Debug|Any CPU.ActiveCfg = Debug|Any CPU
		{C512227B-6D59-450C-9603-854F0F76D508}.Debug|Any CPU.Build.0 = Debug|Any CPU
		{C512227B-6D59-450C-9603-854F0F76D508}.Release|Any CPU.ActiveCfg = Release|Any CPU
		{C512227B-6D59-450C-9603-854F0F76D508}.Release|Any CPU.Build.0 = Release|Any CPU
		{B91894D4-7528-4486-9E36-6FD4420434DC}.Debug|Any CPU.ActiveCfg = Debug|Any CPU
		{B91894D4-7528-4486-9E36-6FD4420434DC}.Debug|Any CPU.Build.0 = Debug|Any CPU
		{B91894D4-7528-4486-9E36-6FD4420434DC}.Release|Any CPU.ActiveCfg = Release|Any CPU
		{B91894D4-7528-4486-9E36-6FD4420434DC}.Release|Any CPU.Build.0 = Release|Any CPU
		{FEBF237F-1C33-49F6-B2D7-F8919989C3F2}.Debug|Any CPU.ActiveCfg = Debug|Any CPU
		{FEBF237F-1C33-49F6-B2D7-F8919989C3F2}.Debug|Any CPU.Build.0 = Debug|Any CPU
		{FEBF237F-1C33-49F6-B2D7-F8919989C3F2}.Release|Any CPU.ActiveCfg = Release|Any CPU
		{FEBF237F-1C33-49F6-B2D7-F8919989C3F2}.Release|Any CPU.Build.0 = Release|Any CPU
		{7E8711F3-D6F8-453D-9C47-99132369A363}.Debug|Any CPU.ActiveCfg = Debug|Any CPU
		{7E8711F3-D6F8-453D-9C47-99132369A363}.Debug|Any CPU.Build.0 = Debug|Any CPU
		{7E8711F3-D6F8-453D-9C47-99132369A363}.Release|Any CPU.ActiveCfg = Release|Any CPU
		{7E8711F3-D6F8-453D-9C47-99132369A363}.Release|Any CPU.Build.0 = Release|Any CPU
	EndGlobalSection
	GlobalSection(SolutionProperties) = preSolution
		HideSolutionNode = FALSE
	EndGlobalSection
	GlobalSection(NestedProjects) = preSolution
		{1B0385ED-3D74-4D55-9D56-129A1C088C97} = {4EDB4FCC-1AD6-478E-A39C-808F843D1533}
		{86512A34-B6FA-42B6-B4BF-E6A1680C4AA3} = {4EDB4FCC-1AD6-478E-A39C-808F843D1533}
		{E183791D-9FEC-4DA3-BBB4-FBDC595F69B0} = {86512A34-B6FA-42B6-B4BF-E6A1680C4AA3}
		{5D2D3190-08F4-4ED8-AD08-059E1AA9C0DA} = {E183791D-9FEC-4DA3-BBB4-FBDC595F69B0}
		{B5A2FDA2-A975-4968-A3F7-0EC95791A21B} = {1B0385ED-3D74-4D55-9D56-129A1C088C97}
		{8BC751E8-3405-426A-A991-90027A79B193} = {1B0385ED-3D74-4D55-9D56-129A1C088C97}
		{19771F48-1678-4FC6-8912-62CEF514C591} = {1B0385ED-3D74-4D55-9D56-129A1C088C97}
		{F8131A3B-B2AA-4355-ACC4-85FD19AF943C} = {1B0385ED-3D74-4D55-9D56-129A1C088C97}
		{7B06F462-022E-4768-B881-3C29AF8F5E5C} = {1B0385ED-3D74-4D55-9D56-129A1C088C97}
		{CFA93D8D-94BC-411F-BCB7-98BF39476934} = {B5A2FDA2-A975-4968-A3F7-0EC95791A21B}
		{DEF18DE8-A853-4DB6-B635-0BD1534F1D79} = {8BC751E8-3405-426A-A991-90027A79B193}
		{58439CB4-4C64-4889-AA14-4BFF07A2214B} = {19771F48-1678-4FC6-8912-62CEF514C591}
		{C512227B-6D59-450C-9603-854F0F76D508} = {7B06F462-022E-4768-B881-3C29AF8F5E5C}
		{C66CBE6F-C481-44F2-B5BB-FEDC04DA08C9} = {F8131A3B-B2AA-4355-ACC4-85FD19AF943C}
		{4F50C395-E60F-4EB5-8D37-191B1B277C6D} = {F8131A3B-B2AA-4355-ACC4-85FD19AF943C}
		{63779C7B-4B9A-4DA4-BA20-1FC934894852} = {F8131A3B-B2AA-4355-ACC4-85FD19AF943C}
		{B91894D4-7528-4486-9E36-6FD4420434DC} = {C66CBE6F-C481-44F2-B5BB-FEDC04DA08C9}
		{FEBF237F-1C33-49F6-B2D7-F8919989C3F2} = {4F50C395-E60F-4EB5-8D37-191B1B277C6D}
		{7E8711F3-D6F8-453D-9C47-99132369A363} = {63779C7B-4B9A-4DA4-BA20-1FC934894852}
	EndGlobalSection
	GlobalSection(ExtensibilityGlobals) = postSolution
		SolutionGuid = {B9AA45FF-575D-4584-914E-052D90E391DD}
	EndGlobalSection
EndGlobal
